%{"covertool": {:git, "git://github.com/idubrov/covertool.git", "efac1a45d713690582c0e46f92e042f61d90777a", [ref: "HEAD"]},
  "goldrush": {:git, "git://github.com/DeadZen/goldrush.git", "71e63212f12c25827e0c1b4198d37d5d018a7fec", [tag: "0.1.6"]},
  "lager": {:git, "git://github.com/basho/lager.git", "b7984d4628d0a7780166f3f26207882fddb31251", [ref: "master"]},
  "meck": {:hex, :meck, "0.8.2"},
  "pavlov": {:hex, :pavlov, "0.1.2"},
  "rebar": {:git, "https://github.com/rebar/rebar.git", "e9f62c45807ce2db39e0606c4d97cd071416bd64", [tag: "2.5.1"]}}
